
Microsoft Visual Studio Solution File, Format Version 12.00
# Visual Studio 15
VisualStudioVersion = 15.0.28307.421
MinimumVisualStudioVersion = 10.0.40219.1
Project("{888888A0-9F3D-457C-B088-3A5042F75D52}") = "AI_Assignment_Genetic_Algorithm", "AI_Assignment_Genetic_Algorithm\AI_Assignment_Genetic_Algorithm.pyproj", "{1157242D-A346-4041-8B0E-E53581895B2C}"
EndProject
Global
	GlobalSection(SolutionConfigurationPlatforms) = preSolution
		Debug|Any CPU = Debug|Any CPU
		Release|Any CPU = Release|Any CPU
	EndGlobalSection
	GlobalSection(ProjectConfigurationPlatforms) = postSolution
		{1157242D-A346-4041-8B0E-E53581895B2C}.Debug|Any CPU.ActiveCfg = Debug|Any CPU
		{1157242D-A346-4041-8B0E-E53581895B2C}.Release|Any CPU.ActiveCfg = Release|Any CPU
	EndGlobalSection
	GlobalSection(SolutionProperties) = preSolution
		HideSolutionNode = FALSE
	EndGlobalSection
	GlobalSection(ExtensibilityGlobals) = postSolution
		SolutionGuid = {959EE608-8B95-4846-AB5A-6E5924692D19}
	EndGlobalSection
EndGlobal
